
Microsoft Visual Studio Solution File, Format Version 12.00
# Visual Studio Version 16
VisualStudioVersion = 16.0.33214.272
MinimumVisualStudioVersion = 10.0.40219.1
Project("{FAE04EC0-301F-11D3-BF4B-00C04F79EFBC}") = "Mission06_lear99", "Mission06_lear99\Mission06_lear99.csproj", "{B5D921C4-9088-43B7-ABD1-4DC2A5FA21C3}"
EndProject
Global
	GlobalSection(SolutionConfigurationPlatforms) = preSolution
		Debug|Any CPU = Debug|Any CPU
		Release|Any CPU = Release|Any CPU
	EndGlobalSection
	GlobalSection(ProjectConfigurationPlatforms) = postSolution
		{B5D921C4-9088-43B7-ABD1-4DC2A5FA21C3}.Debug|Any CPU.ActiveCfg = Debug|Any CPU
		{B5D921C4-9088-43B7-ABD1-4DC2A5FA21C3}.Debug|Any CPU.Build.0 = Debug|Any CPU
		{B5D921C4-9088-43B7-ABD1-4DC2A5FA21C3}.Release|Any CPU.ActiveCfg = Release|Any CPU
		{B5D921C4-9088-43B7-ABD1-4DC2A5FA21C3}.Release|Any CPU.Build.0 = Release|Any CPU
	EndGlobalSection
	GlobalSection(SolutionProperties) = preSolution
		HideSolutionNode = FALSE
	EndGlobalSection
	GlobalSection(ExtensibilityGlobals) = postSolution
		SolutionGuid = {0AE0839E-B639-4330-A8DC-19F76830FB9B}
	EndGlobalSection
EndGlobal
